Microsoft Visual Studio Solution File, Format Version 12.00
Project("{2150E333-8FDC-42A3-9474-1A3956D46DE8}") = "Management", "Management", "{5D7246C5-EAC2-4E27-B433-AEE4AFD0357F}"
EndProject
Project("{2150E333-8FDC-42A3-9474-1A3956D46DE8}") = "Contracts", "Contracts", "{9F2B2922-1AC1-4B45-AFC7-AD8C21507EEC}"
EndProject
Project("{FAE04EC0-301F-11D3-BF4B-00C04F79EFBC}") = "eCom.Management.WebApi", "src\eCom.Management.WebApi\eCom.Management.WebApi.csproj", "{4C98EB3D-39C1-43C4-9529-27B040A1FD66}"
EndProject
Project("{FAE04EC0-301F-11D3-BF4B-00C04F79EFBC}") = "eCom.Management.Application", "src\eCom.Management.Application\eCom.Management.Application.csproj", "{F6D3D35B-8626-4FEA-8E57-D6E278AAFC82}"
EndProject
Project("{FAE04EC0-301F-11D3-BF4B-00C04F79EFBC}") = "eCom.Management.Domain", "src\eCom.Management.Domain\eCom.Management.Domain.csproj", "{5FB590CB-7014-4DD7-AAAD-AD91590FF1CC}"
EndProject
Project("{FAE04EC0-301F-11D3-BF4B-00C04F79EFBC}") = "eCom.Management.Infrastructure", "src\eCom.Management.Infrastructure\eCom.Management.Infrastructure.csproj", "{328A7324-5BD1-4211-8139-AA488A2C6AEF}"
EndProject
Project("{FAE04EC0-301F-11D3-BF4B-00C04F79EFBC}") = "eCom.Contracts", "src\eCom.Contracts\eCom.Contracts.csproj", "{87C3FECD-CC3A-4EAB-80DD-81C9808A39D7}"
EndProject
Project("{FAE04EC0-301F-11D3-BF4B-00C04F79EFBC}") = "eCom.AdminNotification.Worker", "src\eCom.AdminNotification.Worker\eCom.AdminNotification.Worker.csproj", "{B7F6CC8E-E050-4526-9CE6-A78C9BE7635C}"
EndProject
Project("{FAE04EC0-301F-11D3-BF4B-00C04F79EFBC}") = "eCom.OrderCreation.Worker", "src\eCom.OrderCreation.Worker\eCom.OrderCreation.Worker.csproj", "{AD71F498-9E47-492B-9FB5-FBC191A5E292}"
EndProject
Project("{2150E333-8FDC-42A3-9474-1A3956D46DE8}") = "BackgroundWorkers", "BackgroundWorkers", "{6F7F8A59-92F2-419E-9D98-3F340DF679F6}"
EndProject
Project("{FAE04EC0-301F-11D3-BF4B-00C04F79EFBC}") = "eCom.Management.Persistence", "src\eCom.Management.Persistence\eCom.Management.Persistence.csproj", "{290ADCB0-A4C2-4049-8DE7-8FDA5F54BD41}"
EndProject
Project("{2150E333-8FDC-42A3-9474-1A3956D46DE8}") = "src", "src", "{4D323021-975C-4A3A-8A6C-4DAF901FC118}"
EndProject
Project("{2150E333-8FDC-42A3-9474-1A3956D46DE8}") = "tests", "tests", "{7D129716-1E7E-4C1E-B82B-4D542A0857E1}"
EndProject
Project("{FAE04EC0-301F-11D3-BF4B-00C04F79EFBC}") = "eCom.IntegrationTests", "tests\eCom.IntegrationTests\eCom.IntegrationTests.csproj", "{9197EC46-16D3-4B8E-BA45-D82E6EA5F9C4}"
EndProject
Project("{FAE04EC0-301F-11D3-BF4B-00C04F79EFBC}") = "eCom.UnitTests", "tests\eCom.UnitTests\eCom.UnitTests.csproj", "{E7A3E8A5-20B2-45D4-9BC2-8740FFD9B926}"
EndProject
Project("{FAE04EC0-301F-11D3-BF4B-00C04F79EFBC}") = "eCom.ArchitectureTests", "tests\eCom.ArchitectureTests\eCom.ArchitectureTests.csproj", "{2CF4818C-7ABC-4ACE-99D7-6783F1DA9057}"
EndProject
Project("{2150E333-8FDC-42A3-9474-1A3956D46DE8}") = "solution items", "solution items", "{E6E68C01-1E8F-42C8-A048-F8E9A2FDB896}"
	ProjectSection(SolutionItems) = preProject
		.editorconfig = .editorconfig
		Directory.Packages.props = Directory.Packages.props
		Directory.Build.props = Directory.Build.props
	EndProjectSection
EndProject
Project("{FAE04EC0-301F-11D3-BF4B-00C04F79EFBC}") = "eCom.Management.SharedKernel", "eCom.Management.SharedKernel\eCom.Management.SharedKernel.csproj", "{C5FD2911-EF80-4339-8F01-2667B20088E3}"
EndProject
Global
	GlobalSection(SolutionConfigurationPlatforms) = preSolution
		Debug|Any CPU = Debug|Any CPU
		Release|Any CPU = Release|Any CPU
	EndGlobalSection
	GlobalSection(NestedProjects) = preSolution
		{4C98EB3D-39C1-43C4-9529-27B040A1FD66} = {5D7246C5-EAC2-4E27-B433-AEE4AFD0357F}
		{F6D3D35B-8626-4FEA-8E57-D6E278AAFC82} = {5D7246C5-EAC2-4E27-B433-AEE4AFD0357F}
		{5FB590CB-7014-4DD7-AAAD-AD91590FF1CC} = {5D7246C5-EAC2-4E27-B433-AEE4AFD0357F}
		{328A7324-5BD1-4211-8139-AA488A2C6AEF} = {5D7246C5-EAC2-4E27-B433-AEE4AFD0357F}
		{87C3FECD-CC3A-4EAB-80DD-81C9808A39D7} = {9F2B2922-1AC1-4B45-AFC7-AD8C21507EEC}
		{B7F6CC8E-E050-4526-9CE6-A78C9BE7635C} = {6F7F8A59-92F2-419E-9D98-3F340DF679F6}
		{AD71F498-9E47-492B-9FB5-FBC191A5E292} = {6F7F8A59-92F2-419E-9D98-3F340DF679F6}
		{290ADCB0-A4C2-4049-8DE7-8FDA5F54BD41} = {5D7246C5-EAC2-4E27-B433-AEE4AFD0357F}
		{5D7246C5-EAC2-4E27-B433-AEE4AFD0357F} = {4D323021-975C-4A3A-8A6C-4DAF901FC118}
		{9F2B2922-1AC1-4B45-AFC7-AD8C21507EEC} = {4D323021-975C-4A3A-8A6C-4DAF901FC118}
		{6F7F8A59-92F2-419E-9D98-3F340DF679F6} = {4D323021-975C-4A3A-8A6C-4DAF901FC118}
		{9197EC46-16D3-4B8E-BA45-D82E6EA5F9C4} = {7D129716-1E7E-4C1E-B82B-4D542A0857E1}
		{E7A3E8A5-20B2-45D4-9BC2-8740FFD9B926} = {7D129716-1E7E-4C1E-B82B-4D542A0857E1}
		{2CF4818C-7ABC-4ACE-99D7-6783F1DA9057} = {7D129716-1E7E-4C1E-B82B-4D542A0857E1}
		{C5FD2911-EF80-4339-8F01-2667B20088E3} = {5D7246C5-EAC2-4E27-B433-AEE4AFD0357F}
	EndGlobalSection
	GlobalSection(ProjectConfigurationPlatforms) = postSolution
		{4C98EB3D-39C1-43C4-9529-27B040A1FD66}.Debug|Any CPU.ActiveCfg = Debug|Any CPU
		{4C98EB3D-39C1-43C4-9529-27B040A1FD66}.Debug|Any CPU.Build.0 = Debug|Any CPU
		{4C98EB3D-39C1-43C4-9529-27B040A1FD66}.Release|Any CPU.ActiveCfg = Release|Any CPU
		{4C98EB3D-39C1-43C4-9529-27B040A1FD66}.Release|Any CPU.Build.0 = Release|Any CPU
		{F6D3D35B-8626-4FEA-8E57-D6E278AAFC82}.Debug|Any CPU.ActiveCfg = Debug|Any CPU
		{F6D3D35B-8626-4FEA-8E57-D6E278AAFC82}.Debug|Any CPU.Build.0 = Debug|Any CPU
		{F6D3D35B-8626-4FEA-8E57-D6E278AAFC82}.Release|Any CPU.ActiveCfg = Release|Any CPU
		{F6D3D35B-8626-4FEA-8E57-D6E278AAFC82}.Release|Any CPU.Build.0 = Release|Any CPU
		{5FB590CB-7014-4DD7-AAAD-AD91590FF1CC}.Debug|Any CPU.ActiveCfg = Debug|Any CPU
		{5FB590CB-7014-4DD7-AAAD-AD91590FF1CC}.Debug|Any CPU.Build.0 = Debug|Any CPU
		{5FB590CB-7014-4DD7-AAAD-AD91590FF1CC}.Release|Any CPU.ActiveCfg = Release|Any CPU
		{5FB590CB-7014-4DD7-AAAD-AD91590FF1CC}.Release|Any CPU.Build.0 = Release|Any CPU
		{328A7324-5BD1-4211-8139-AA488A2C6AEF}.Debug|Any CPU.ActiveCfg = Debug|Any CPU
		{328A7324-5BD1-4211-8139-AA488A2C6AEF}.Debug|Any CPU.Build.0 = Debug|Any CPU
		{328A7324-5BD1-4211-8139-AA488A2C6AEF}.Release|Any CPU.ActiveCfg = Release|Any CPU
		{328A7324-5BD1-4211-8139-AA488A2C6AEF}.Release|Any CPU.Build.0 = Release|Any CPU
		{87C3FECD-CC3A-4EAB-80DD-81C9808A39D7}.Debug|Any CPU.ActiveCfg = Debug|Any CPU
		{87C3FECD-CC3A-4EAB-80DD-81C9808A39D7}.Debug|Any CPU.Build.0 = Debug|Any CPU
		{87C3FECD-CC3A-4EAB-80DD-81C9808A39D7}.Release|Any CPU.ActiveCfg = Release|Any CPU
		{87C3FECD-CC3A-4EAB-80DD-81C9808A39D7}.Release|Any CPU.Build.0 = Release|Any CPU
		{B7F6CC8E-E050-4526-9CE6-A78C9BE7635C}.Debug|Any CPU.ActiveCfg = Debug|Any CPU
		{B7F6CC8E-E050-4526-9CE6-A78C9BE7635C}.Debug|Any CPU.Build.0 = Debug|Any CPU
		{B7F6CC8E-E050-4526-9CE6-A78C9BE7635C}.Release|Any CPU.ActiveCfg = Release|Any CPU
		{B7F6CC8E-E050-4526-9CE6-A78C9BE7635C}.Release|Any CPU.Build.0 = Release|Any CPU
		{AD71F498-9E47-492B-9FB5-FBC191A5E292}.Debug|Any CPU.ActiveCfg = Debug|Any CPU
		{AD71F498-9E47-492B-9FB5-FBC191A5E292}.Debug|Any CPU.Build.0 = Debug|Any CPU
		{AD71F498-9E47-492B-9FB5-FBC191A5E292}.Release|Any CPU.ActiveCfg = Release|Any CPU
		{AD71F498-9E47-492B-9FB5-FBC191A5E292}.Release|Any CPU.Build.0 = Release|Any CPU
		{290ADCB0-A4C2-4049-8DE7-8FDA5F54BD41}.Debug|Any CPU.ActiveCfg = Debug|Any CPU
		{290ADCB0-A4C2-4049-8DE7-8FDA5F54BD41}.Debug|Any CPU.Build.0 = Debug|Any CPU
		{290ADCB0-A4C2-4049-8DE7-8FDA5F54BD41}.Release|Any CPU.ActiveCfg = Release|Any CPU
		{290ADCB0-A4C2-4049-8DE7-8FDA5F54BD41}.Release|Any CPU.Build.0 = Release|Any CPU
		{9197EC46-16D3-4B8E-BA45-D82E6EA5F9C4}.Debug|Any CPU.ActiveCfg = Debug|Any CPU
		{9197EC46-16D3-4B8E-BA45-D82E6EA5F9C4}.Debug|Any CPU.Build.0 = Debug|Any CPU
		{9197EC46-16D3-4B8E-BA45-D82E6EA5F9C4}.Release|Any CPU.ActiveCfg = Release|Any CPU
		{9197EC46-16D3-4B8E-BA45-D82E6EA5F9C4}.Release|Any CPU.Build.0 = Release|Any CPU
		{E7A3E8A5-20B2-45D4-9BC2-8740FFD9B926}.Debug|Any CPU.ActiveCfg = Debug|Any CPU
		{E7A3E8A5-20B2-45D4-9BC2-8740FFD9B926}.Debug|Any CPU.Build.0 = Debug|Any CPU
		{E7A3E8A5-20B2-45D4-9BC2-8740FFD9B926}.Release|Any CPU.ActiveCfg = Release|Any CPU
		{E7A3E8A5-20B2-45D4-9BC2-8740FFD9B926}.Release|Any CPU.Build.0 = Release|Any CPU
		{2CF4818C-7ABC-4ACE-99D7-6783F1DA9057}.Debug|Any CPU.ActiveCfg = Debug|Any CPU
		{2CF4818C-7ABC-4ACE-99D7-6783F1DA9057}.Debug|Any CPU.Build.0 = Debug|Any CPU
		{2CF4818C-7ABC-4ACE-99D7-6783F1DA9057}.Release|Any CPU.ActiveCfg = Release|Any CPU
		{2CF4818C-7ABC-4ACE-99D7-6783F1DA9057}.Release|Any CPU.Build.0 = Release|Any CPU
		{C5FD2911-EF80-4339-8F01-2667B20088E3}.Debug|Any CPU.ActiveCfg = Debug|Any CPU
		{C5FD2911-EF80-4339-8F01-2667B20088E3}.Debug|Any CPU.Build.0 = Debug|Any CPU
		{C5FD2911-EF80-4339-8F01-2667B20088E3}.Release|Any CPU.ActiveCfg = Release|Any CPU
		{C5FD2911-EF80-4339-8F01-2667B20088E3}.Release|Any CPU.Build.0 = Release|Any CPU
	EndGlobalSection
EndGlobal
